# This file is automatically @generated by Cargo.
# It is not intended for manual editing.
version = 4

[[package]]
name = "example-codec"
version = "0.1.0"
dependencies = [
 "magic-multiaddr",
]

[[package]]
name = "magic-multiaddr"
version = "0.1.0"
dependencies = [
 "unsigned-varint",
]

[[package]]
name = "unsigned-varint"
version = "0.8.0"
source = "registry+https://github.com/rust-lang/crates.io-index"
checksum = "eb066959b24b5196ae73cb057f45598450d2c5f71460e98c49b738086eff9c06"
